
Microsoft Visual Studio Solution File, Format Version 12.00
# Visual Studio Version 17
VisualStudioVersion = 17.4.33122.133
MinimumVisualStudioVersion = 10.0.40219.1
Project("{9A19103F-16F7-4668-BE54-9A1E7A4F7556}") = "BlazorApps", "BlazorApps\BlazorApps.csproj", "{50530E8B-8D30-412B-A82F-697D8FC7BC75}"
EndProject
Project("{9A19103F-16F7-4668-BE54-9A1E7A4F7556}") = "BlazorApps.Test.Unit", "BlazorApps.Portal.Web.Test.Unit\BlazorApps.Test.Unit.csproj", "{7826EA62-FE61-417D-8671-E67530B65304}"
EndProject
Global
	GlobalSection(SolutionConfigurationPlatforms) = preSolution
		Debug|Any CPU = Debug|Any CPU
		Release|Any CPU = Release|Any CPU
	EndGlobalSection
	GlobalSection(ProjectConfigurationPlatforms) = postSolution
		{50530E8B-8D30-412B-A82F-697D8FC7BC75}.Debug|Any CPU.ActiveCfg = Debug|Any CPU
		{50530E8B-8D30-412B-A82F-697D8FC7BC75}.Debug|Any CPU.Build.0 = Debug|Any CPU
		{50530E8B-8D30-412B-A82F-697D8FC7BC75}.Release|Any CPU.ActiveCfg = Release|Any CPU
		{50530E8B-8D30-412B-A82F-697D8FC7BC75}.Release|Any CPU.Build.0 = Release|Any CPU
		{7826EA62-FE61-417D-8671-E67530B65304}.Debug|Any CPU.ActiveCfg = Debug|Any CPU
		{7826EA62-FE61-417D-8671-E67530B65304}.Debug|Any CPU.Build.0 = Debug|Any CPU
		{7826EA62-FE61-417D-8671-E67530B65304}.Release|Any CPU.ActiveCfg = Release|Any CPU
		{7826EA62-FE61-417D-8671-E67530B65304}.Release|Any CPU.Build.0 = Release|Any CPU
	EndGlobalSection
	GlobalSection(SolutionProperties) = preSolution
		HideSolutionNode = FALSE
	EndGlobalSection
	GlobalSection(ExtensibilityGlobals) = postSolution
		SolutionGuid = {4F91047A-F741-4093-8265-A2DC66A435AE}
	EndGlobalSection
EndGlobal
